// !$*UTF8*$!
{
	archiveVersion = 1;
	classes = {
	};
	objectVersion = 56;
	objects = {

/* Begin PBXBuildFile section */
		3EEC12B12934A70E0096769C /* AppDelegate.swift in Sources */ = {isa = PBXBuildFile; fileRef = 3EEC12B02934A70E0096769C /* AppDelegate.swift */; };
		3EEC12B32934A70E0096769C /* SceneDelegate.swift in Sources */ = {isa = PBXBuildFile; fileRef = 3EEC12B22934A70E0096769C /* SceneDelegate.swift */; };
		3EEC12B52934A70E0096769C /* ViewController.swift in Sources */ = {isa = PBXBuildFile; fileRef = 3EEC12B42934A70E0096769C /* ViewController.swift */; };
		3EEC12B82934A70E0096769C /* Main.storyboard in Resources */ = {isa = PBXBuildFile; fileRef = 3EEC12B62934A70E0096769C /* Main.storyboard */; };
		3EEC12BA2934A7100096769C /* Assets.xcassets in Resources */ = {isa = PBXBuildFile; fileRef = 3EEC12B92934A7100096769C /* Assets.xcassets */; };
		3EEC12BD2934A7100096769C /* LaunchScreen.storyboard in Resources */ = {isa = PBXBuildFile; fileRef = 3EEC12BB2934A7100096769C /* LaunchScreen.storyboard */; };
		3EEC12C82934A7100096769C /* PersonCardReaderTests.swift in Sources */ = {isa = PBXBuildFile; fileRef = 3EEC12C72934A7100096769C /* PersonCardReaderTests.swift */; };
		3EEC12D22934A7100096769C /* PersonCardReaderUITests.swift in Sources */ = {isa = PBXBuildFile; fileRef = 3EEC12D12934A7100096769C /* PersonCardReaderUITests.swift */; };
		3EEC12D42934A7100096769C /* PersonCardReaderUITestsLaunchTests.swift in Sources */ = {isa = PBXBuildFile; fileRef = 3EEC12D32934A7100096769C /* PersonCardReaderUITestsLaunchTests.swift */; };
		3EEC12E12934AAB20096769C /* PictureTake.swift in Sources */ = {isa = PBXBuildFile; fileRef = 3EEC12E02934AAB20096769C /* PictureTake.swift */; };
/* End PBXBuildFile section */

/* Begin PBXContainerItemProxy section */
		3EEC12C42934A7100096769C /* PBXContainerItemProxy */ = {
			isa = PBXContainerItemProxy;
			containerPortal = 3EEC12A52934A70E0096769C /* Project object */;
			proxyType = 1;
			remoteGlobalIDString = 3EEC12AC2934A70E0096769C;
			remoteInfo = PersonCardReader;
		};
		3EEC12CE2934A7100096769C /* PBXContainerItemProxy */ = {
			isa = PBXContainerItemProxy;
			containerPortal = 3EEC12A52934A70E0096769C /* Project object */;
			proxyType = 1;
			remoteGlobalIDString = 3EEC12AC2934A70E0096769C;
			remoteInfo = PersonCardReader;
		};
/* End PBXContainerItemProxy section */

/* Begin PBXFileReference section */
		3EEC12AD2934A70E0096769C /* PersonCardReader.app */ = {isa = PBXFileReference; explicitFileType = wrapper.application; includeInIndex = 0; path = PersonCardReader.app; sourceTree = BUILT_PRODUCTS_DIR; };
		3EEC12B02934A70E0096769C /* AppDelegate.swift */ = {isa = PBXFileReference; lastKnownFileType = sourcecode.swift; path = AppDelegate.swift; sourceTree = "<group>"; };
		3EEC12B22934A70E0096769C /* SceneDelegate.swift */ = {isa = PBXFileReference; lastKnownFileType = sourcecode.swift; path = SceneDelegate.swift; sourceTree = "<group>"; };
		3EEC12B42934A70E0096769C /* ViewController.swift */ = {isa = PBXFileReference; lastKnownFileType = sourcecode.swift; path = ViewController.swift; sourceTree = "<group>"; };
		3EEC12B72934A70E0096769C /* Base */ = {isa = PBXFileReference; lastKnownFileType = file.storyboard; name = Base; path = Base.lproj/Main.storyboard; sourceTree = "<group>"; };
		3EEC12B92934A7100096769C /* Assets.xcassets */ = {isa = PBXFileReference; lastKnownFileType = folder.assetcatalog; path = Assets.xcassets; sourceTree = "<group>"; };
		3EEC12BC2934A7100096769C /* Base */ = {isa = PBXFileReference; lastKnownFileType = file.storyboard; name = Base; path = Base.lproj/LaunchScreen.storyboard; sourceTree = "<group>"; };
		3EEC12BE2934A7100096769C /* Info.plist */ = {isa = PBXFileReference; lastKnownFileType = text.plist.xml; path = Info.plist; sourceTree = "<group>"; };
		3EEC12C32934A7100096769C /* PersonCardReaderTests.xctest */ = {isa = PBXFileReference; explicitFileType = wrapper.cfbundle; includeInIndex = 0; path = PersonCardReaderTests.xctest; sourceTree = BUILT_PRODUCTS_DIR; };
		3EEC12C72934A7100096769C /* PersonCardReaderTests.swift */ = {isa = PBXFileReference; lastKnownFileType = sourcecode.swift; path = PersonCardReaderTests.swift; sourceTree = "<group>"; };
		3EEC12CD2934A7100096769C /* PersonCardReaderUITests.xctest */ = {isa = PBXFileReference; explicitFileType = wrapper.cfbundle; includeInIndex = 0; path = PersonCardReaderUITests.xctest; sourceTree = BUILT_PRODUCTS_DIR; };
		3EEC12D12934A7100096769C /* PersonCardReaderUITests.swift */ = {isa = PBXFileReference; lastKnownFileType = sourcecode.swift; path = PersonCardReaderUITests.swift; sourceTree = "<group>"; };
		3EEC12D32934A7100096769C /* PersonCardReaderUITestsLaunchTests.swift */ = {isa = PBXFileReference; lastKnownFileType = sourcecode.swift; path = PersonCardReaderUITestsLaunchTests.swift; sourceTree = "<group>"; };
		3EEC12E02934AAB20096769C /* PictureTake.swift */ = {isa = PBXFileReference; lastKnownFileType = sourcecode.swift; path = PictureTake.swift; sourceTree = "<group>"; };
/* End PBXFileReference section */

/* Begin PBXFrameworksBuildPhase section */
		3EEC12AA2934A70E0096769C /* Frameworks */ = {
			isa = PBXFrameworksBuildPhase;
			buildActionMask = 2147483647;
			files = (
			);
			runOnlyForDeploymentPostprocessing = 0;
		};
		3EEC12C02934A7100096769C /* Frameworks */ = {
			isa = PBXFrameworksBuildPhase;
			buildActionMask = 2147483647;
			files = (
			);
			runOnlyForDeploymentPostprocessing = 0;
		};
		3EEC12CA2934A7100096769C /* Frameworks */ = {
			isa = PBXFrameworksBuildPhase;
			buildActionMask = 2147483647;
			files = (
			);
			runOnlyForDeploymentPostprocessing = 0;
		};
/* End PBXFrameworksBuildPhase section */

/* Begin PBXGroup section */
		3EEC12A42934A70E0096769C = {
			isa = PBXGroup;
			children = (
				3EEC12AF2934A70E0096769C /* PersonCardReader */,
				3EEC12C62934A7100096769C /* PersonCardReaderTests */,
				3EEC12D02934A7100096769C /* PersonCardReaderUITests */,
				3EEC12AE2934A70E0096769C /* Products */,
			);
			sourceTree = "<group>";
		};
		3EEC12AE2934A70E0096769C /* Products */ = {
			isa = PBXGroup;
			children = (
				3EEC12AD2934A70E0096769C /* PersonCardReader.app */,
				3EEC12C32934A7100096769C /* PersonCardReaderTests.xctest */,
				3EEC12CD2934A7100096769C /* PersonCardReaderUITests.xctest */,
			);
			name = Products;
			sourceTree = "<group>";
		};
		3EEC12AF2934A70E0096769C /* PersonCardReader */ = {
			isa = PBXGroup;
			children = (
				3EEC12B02934A70E0096769C /* AppDelegate.swift */,
				3EEC12B22934A70E0096769C /* SceneDelegate.swift */,
				3EEC12B42934A70E0096769C /* ViewController.swift */,
				3EEC12B62934A70E0096769C /* Main.storyboard */,
				3EEC12B92934A7100096769C /* Assets.xcassets */,
				3EEC12BB2934A7100096769C /* LaunchScreen.storyboard */,
				3EEC12BE2934A7100096769C /* Info.plist */,
				3EEC12E02934AAB20096769C /* PictureTake.swift */,
			);
			path = PersonCardReader;
			sourceTree = "<group>";
		};
		3EEC12C62934A7100096769C /* PersonCardReaderTests */ = {
			isa = PBXGroup;
			children = (
				3EEC12C72934A7100096769C /* PersonCardReaderTests.swift */,
			);
			path = PersonCardReaderTests;
			sourceTree = "<group>";
		};
		3EEC12D02934A7100096769C /* PersonCardReaderUITests */ = {
			isa = PBXGroup;
			children = (
				3EEC12D12934A7100096769C /* PersonCardReaderUITests.swift */,
				3EEC12D32934A7100096769C /* PersonCardReaderUITestsLaunchTests.swift */,
			);
			path = PersonCardReaderUITests;
			sourceTree = "<group>";
		};
/* End PBXGroup section */

/* Begin PBXNativeTarget section */
		3EEC12AC2934A70E0096769C /* PersonCardReader */ = {
			isa = PBXNativeTarget;
			buildConfigurationList = 3EEC12D72934A7100096769C /* Build configuration list for PBXNativeTarget "PersonCardReader" */;
			buildPhases = (
				3EEC12A92934A70E0096769C /* Sources */,
				3EEC12AA2934A70E0096769C /* Frameworks */,
				3EEC12AB2934A70E0096769C /* Resources */,
			);
			buildRules = (
			);
			dependencies = (
			);
			name = PersonCardReader;
			productName = PersonCardReader;
			productReference = 3EEC12AD2934A70E0096769C /* PersonCardReader.app */;
			productType = "com.apple.product-type.application";
		};
		3EEC12C22934A7100096769C /* PersonCardReaderTests */ = {
			isa = PBXNativeTarget;
			buildConfigurationList = 3EEC12DA2934A7100096769C /* Build configuration list for PBXNativeTarget "PersonCardReaderTests" */;
			buildPhases = (
				3EEC12BF2934A7100096769C /* Sources */,
				3EEC12C02934A7100096769C /* Frameworks */,
				3EEC12C12934A7100096769C /* Resources */,
			);
			buildRules = (
			);
			dependencies = (
				3EEC12C52934A7100096769C /* PBXTargetDependency */,
			);
			name = PersonCardReaderTests;
			productName = PersonCardReaderTests;
			productReference = 3EEC12C32934A7100096769C /* PersonCardReaderTests.xctest */;
			productType = "com.apple.product-type.bundle.unit-test";
		};
		3EEC12CC2934A7100096769C /* PersonCardReaderUITests */ = {
			isa = PBXNativeTarget;
			buildConfigurationList = 3EEC12DD2934A7100096769C /* Build configuration list for PBXNativeTarget "PersonCardReaderUITests" */;
			buildPhases = (
				3EEC12C92934A7100096769C /* Sources */,
				3EEC12CA2934A7100096769C /* Frameworks */,
				3EEC12CB2934A7100096769C /* Resources */,
			);
			buildRules = (
			);
			dependencies = (
				3EEC12CF2934A7100096769C /* PBXTargetDependency */,
			);
			name = PersonCardReaderUITests;
			productName = PersonCardReaderUITests;
			productReference = 3EEC12CD2934A7100096769C /* PersonCardReaderUITests.xctest */;
			productType = "com.apple.product-type.bundle.ui-testing";
		};
/* End PBXNativeTarget section */

/* Begin PBXProject section */
		3EEC12A52934A70E0096769C /* Project object */ = {
			isa = PBXProject;
			attributes = {
				BuildIndependentTargetsInParallel = 1;
				LastSwiftUpdateCheck = 1410;
				LastUpgradeCheck = 1410;
				TargetAttributes = {
					3EEC12AC2934A70E0096769C = {
						CreatedOnToolsVersion = 14.1;
					};
					3EEC12C22934A7100096769C = {
						CreatedOnToolsVersion = 14.1;
						TestTargetID = 3EEC12AC2934A70E0096769C;
					};
					3EEC12CC2934A7100096769C = {
						CreatedOnToolsVersion = 14.1;
						TestTargetID = 3EEC12AC2934A70E0096769C;
					};
				};
			};
			buildConfigurationList = 3EEC12A82934A70E0096769C /* Build configuration list for PBXProject "PersonCardReader" */;
			compatibilityVersion = "Xcode 14.0";
			developmentRegion = en;
			hasScannedForEncodings = 0;
			knownRegions = (
				en,
				Base,
			);
			mainGroup = 3EEC12A42934A70E0096769C;
			productRefGroup = 3EEC12AE2934A70E0096769C /* Products */;
			projectDirPath = "";
			projectRoot = "";
			targets = (
				3EEC12AC2934A70E0096769C /* PersonCardReader */,
				3EEC12C22934A7100096769C /* PersonCardReaderTests */,
				3EEC12CC2934A7100096769C /* PersonCardReaderUITests */,
			);
		};
/* End PBXProject section */

/* Begin PBXResourcesBuildPhase section */
		3EEC12AB2934A70E0096769C /* Resources */ = {
			isa = PBXResourcesBuildPhase;
			buildActionMask = 2147483647;
			files = (
				3EEC12BD2934A7100096769C /* LaunchScreen.storyboard in Resources */,
				3EEC12BA2934A7100096769C /* Assets.xcassets in Resources */,
				3EEC12B82934A70E0096769C /* Main.storyboard in Resources */,
			);
			runOnlyForDeploymentPostprocessing = 0;
		};
		3EEC12C12934A7100096769C /* Resources */ = {
			isa = PBXResourcesBuildPhase;
			buildActionMask = 2147483647;
			files = (
			);
			runOnlyForDeploymentPostprocessing = 0;
		};
		3EEC12CB2934A7100096769C /* Resources */ = {
			isa = PBXResourcesBuildPhase;
			buildActionMask = 2147483647;
			files = (
			);
			runOnlyForDeploymentPostprocessing = 0;
		};
/* End PBXResourcesBuildPhase section */

/* Begin PBXSourcesBuildPhase section */
		3EEC12A92934A70E0096769C /* Sources */ = {
			isa = PBXSourcesBuildPhase;
			buildActionMask = 2147483647;
			files = (
				3EEC12B52934A70E0096769C /* ViewController.swift in Sources */,
				3EEC12E12934AAB20096769C /* PictureTake.swift in Sources */,
				3EEC12B12934A70E0096769C /* AppDelegate.swift in Sources */,
				3EEC12B32934A70E0096769C /* SceneDelegate.swift in Sources */,
			);
			runOnlyForDeploymentPostprocessing = 0;
		};
		3EEC12BF2934A7100096769C /* Sources */ = {
			isa = PBXSourcesBuildPhase;
			buildActionMask = 2147483647;
			files = (
				3EEC12C82934A7100096769C /* PersonCardReaderTests.swift in Sources */,
			);
			runOnlyForDeploymentPostprocessing = 0;
		};
		3EEC12C92934A7100096769C /* Sources */ = {
			isa = PBXSourcesBuildPhase;
			buildActionMask = 2147483647;
			files = (
				3EEC12D42934A7100096769C /* PersonCardReaderUITestsLaunchTests.swift in Sources */,
				3EEC12D22934A7100096769C /* PersonCardReaderUITests.swift in Sources */,
			);
			runOnlyForDeploymentPostprocessing = 0;
		};
/* End PBXSourcesBuildPhase section */

/* Begin PBXTargetDependency section */
		3EEC12C52934A7100096769C /* PBXTargetDependency */ = {
			isa = PBXTargetDependency;
			target = 3EEC12AC2934A70E0096769C /* PersonCardReader */;
			targetProxy = 3EEC12C42934A7100096769C /* PBXContainerItemProxy */;
		};
		3EEC12CF2934A7100096769C /* PBXTargetDependency */ = {
			isa = PBXTargetDependency;
			target = 3EEC12AC2934A70E0096769C /* PersonCardReader */;
			targetProxy = 3EEC12CE2934A7100096769C /* PBXContainerItemProxy */;
		};
/* End PBXTargetDependency section */

/* Begin PBXVariantGroup section */
		3EEC12B62934A70E0096769C /* Main.storyboard */ = {
			isa = PBXVariantGroup;
			children = (
				3EEC12B72934A70E0096769C /* Base */,
			);
			name = Main.storyboard;
			sourceTree = "<group>";
		};
		3EEC12BB2934A7100096769C /* LaunchScreen.storyboard */ = {
			isa = PBXVariantGroup;
			children = (
				3EEC12BC2934A7100096769C /* Base */,
			);
			name = LaunchScreen.storyboard;
			sourceTree = "<group>";
		};
/* End PBXVariantGroup section */

/* Begin XCBuildConfiguration section */
		3EEC12D52934A7100096769C /* Debug */ = {
			isa = XCBuildConfiguration;
			buildSettings = {
				ALWAYS_SEARCH_USER_PATHS = NO;
				CLANG_ANALYZER_NONNULL = YES;
				CLANG_ANALYZER_NUMBER_OBJECT_CONVERSION = YES_AGGRESSIVE;
				CLANG_CXX_LANGUAGE_STANDARD = "gnu++20";
				CLANG_ENABLE_MODULES = YES;
				CLANG_ENABLE_OBJC_ARC = YES;
				CLANG_ENABLE_OBJC_WEAK = YES;
				CLANG_WARN_BLOCK_CAPTURE_AUTORELEASING = YES;
				CLANG_WARN_BOOL_CONVERSION = YES;
				CLANG_WARN_COMMA = YES;
				CLANG_WARN_CONSTANT_CONVERSION = YES;
				CLANG_WARN_DEPRECATED_OBJC_IMPLEMENTATIONS = YES;
				CLANG_WARN_DIRECT_OBJC_ISA_USAGE = YES_ERROR;
				CLANG_WARN_DOCUMENTATION_COMMENTS = YES;
				CLANG_WARN_EMPTY_BODY = YES;
				CLANG_WARN_ENUM_CONVERSION = YES;
				CLANG_WARN_INFINITE_RECURSION = YES;
				CLANG_WARN_INT_CONVERSION = YES;
				CLANG_WARN_NON_LITERAL_NULL_CONVERSION = YES;
				CLANG_WARN_OBJC_IMPLICIT_RETAIN_SELF = YES;
				CLANG_WARN_OBJC_LITERAL_CONVERSION = YES;
				CLANG_WARN_OBJC_ROOT_CLASS = YES_ERROR;
				CLANG_WARN_QUOTED_INCLUDE_IN_FRAMEWORK_HEADER = YES;
				CLANG_WARN_RANGE_LOOP_ANALYSIS = YES;
				CLANG_WARN_STRICT_PROTOTYPES = YES;
				CLANG_WARN_SUSPICIOUS_MOVE = YES;
				CLANG_WARN_UNGUARDED_AVAILABILITY = YES_AGGRESSIVE;
				CLANG_WARN_UNREACHABLE_CODE = YES;
				CLANG_WARN__DUPLICATE_METHOD_MATCH = YES;
				COPY_PHASE_STRIP = NO;
				DEBUG_INFORMATION_FORMAT = dwarf;
				ENABLE_STRICT_OBJC_MSGSEND = YES;
				ENABLE_TESTABILITY = YES;
				GCC_C_LANGUAGE_STANDARD = gnu11;
				GCC_DYNAMIC_NO_PIC = NO;
				GCC_NO_COMMON_BLOCKS = YES;
				GCC_OPTIMIZATION_LEVEL = 0;
				GCC_PREPROCESSOR_DEFINITIONS = (
					"DEBUG=1",
					"$(inherited)",
				);
				GCC_WARN_64_TO_32_BIT_CONVERSION = YES;
				GCC_WARN_ABOUT_RETURN_TYPE = YES_ERROR;
				GCC_WARN_UNDECLARED_SELECTOR = YES;
				GCC_WARN_UNINITIALIZED_AUTOS = YES_AGGRESSIVE;
				GCC_WARN_UNUSED_FUNCTION = YES;
				GCC_WARN_UNUSED_VARIABLE = YES;
				IPHONEOS_DEPLOYMENT_TARGET = 16.1;
				MTL_ENABLE_DEBUG_INFO = INCLUDE_SOURCE;
				MTL_FAST_MATH = YES;
				ONLY_ACTIVE_ARCH = YES;
				SDKROOT = iphoneos;
				SWIFT_ACTIVE_COMPILATION_CONDITIONS = DEBUG;
				SWIFT_OPTIMIZATION_LEVEL = "-Onone";
			};
			name = Debug;
		};
		3EEC12D62934A7100096769C /* Release */ = {
			isa = XCBuildConfiguration;
			buildSettings = {
				ALWAYS_SEARCH_USER_PATHS = NO;
				CLANG_ANALYZER_NONNULL = YES;
				CLANG_ANALYZER_NUMBER_OBJECT_CONVERSION = YES_AGGRESSIVE;
				CLANG_CXX_LANGUAGE_STANDARD = "gnu++20";
				CLANG_ENABLE_MODULES = YES;
				CLANG_ENABLE_OBJC_ARC = YES;
				CLANG_ENABLE_OBJC_WEAK = YES;
				CLANG_WARN_BLOCK_CAPTURE_AUTORELEASING = YES;
				CLANG_WARN_BOOL_CONVERSION = YES;
				CLANG_WARN_COMMA = YES;
				CLANG_WARN_CONSTANT_CONVERSION = YES;
				CLANG_WARN_DEPRECATED_OBJC_IMPLEMENTATIONS = YES;
				CLANG_WARN_DIRECT_OBJC_ISA_USAGE = YES_ERROR;
				CLANG_WARN_DOCUMENTATION_COMMENTS = YES;
				CLANG_WARN_EMPTY_BODY = YES;
				CLANG_WARN_ENUM_CONVERSION = YES;
				CLANG_WARN_INFINITE_RECURSION = YES;
				CLANG_WARN_INT_CONVERSION = YES;
				CLANG_WARN_NON_LITERAL_NULL_CONVERSION = YES;
				CLANG_WARN_OBJC_IMPLICIT_RETAIN_SELF = YES;
				CLANG_WARN_OBJC_LITERAL_CONVERSION = YES;
				CLANG_WARN_OBJC_ROOT_CLASS = YES_ERROR;
				CLANG_WARN_QUOTED_INCLUDE_IN_FRAMEWORK_HEADER = YES;
				CLANG_WARN_RANGE_LOOP_ANALYSIS = YES;
				CLANG_WARN_STRICT_PROTOTYPES = YES;
				CLANG_WARN_SUSPICIOUS_MOVE = YES;
				CLANG_WARN_UNGUARDED_AVAILABILITY = YES_AGGRESSIVE;
				CLANG_WARN_UNREACHABLE_CODE = YES;
				CLANG_WARN__DUPLICATE_METHOD_MATCH = YES;
				COPY_PHASE_STRIP = NO;
				DEBUG_INFORMATION_FORMAT = "dwarf-with-dsym";
				ENABLE_NS_ASSERTIONS = NO;
				ENABLE_STRICT_OBJC_MSGSEND = YES;
				GCC_C_LANGUAGE_STANDARD = gnu11;
				GCC_NO_COMMON_BLOCKS = YES;
				GCC_WARN_64_TO_32_BIT_CONVERSION = YES;
				GCC_WARN_ABOUT_RETURN_TYPE = YES_ERROR;
				GCC_WARN_UNDECLARED_SELECTOR = YES;
				GCC_WARN_UNINITIALIZED_AUTOS = YES_AGGRESSIVE;
				GCC_WARN_UNUSED_FUNCTION = YES;
				GCC_WARN_UNUSED_VARIABLE = YES;
				IPHONEOS_DEPLOYMENT_TARGET = 16.1;
				MTL_ENABLE_DEBUG_INFO = NO;
				MTL_FAST_MATH = YES;
				SDKROOT = iphoneos;
				SWIFT_COMPILATION_MODE = wholemodule;
				SWIFT_OPTIMIZATION_LEVEL = "-O";
				VALIDATE_PRODUCT = YES;
			};
			name = Release;
		};
		3EEC12D82934A7100096769C /* Debug */ = {
			isa = XCBuildConfiguration;
			buildSettings = {
				ASSETCATALOG_COMPILER_APPICON_NAME = AppIcon;
				ASSETCATALOG_COMPILER_GLOBAL_ACCENT_COLOR_NAME = AccentColor;
				CODE_SIGN_STYLE = Automatic;
				CURRENT_PROJECT_VERSION = 1;
				DEVELOPMENT_TEAM = NP34UV2MG9;
				GENERATE_INFOPLIST_FILE = YES;
				INFOPLIST_FILE = PersonCardReader/Info.plist;
				INFOPLIST_KEY_NSCameraUsageDescription = "Read QR";
				INFOPLIST_KEY_UIApplicationSupportsIndirectInputEvents = YES;
				INFOPLIST_KEY_UILaunchStoryboardName = LaunchScreen;
				INFOPLIST_KEY_UIMainStoryboardFile = Main;
				INFOPLIST_KEY_UISupportedInterfaceOrientations_iPad = "UIInterfaceOrientationPortrait UIInterfaceOrientationPortraitUpsideDown UIInterfaceOrientationLandscapeLeft UIInterfaceOrientationLandscapeRight";
				INFOPLIST_KEY_UISupportedInterfaceOrientations_iPhone = "UIInterfaceOrientationPortrait UIInterfaceOrientationLandscapeLeft UIInterfaceOrientationLandscapeRight";
				LD_RUNPATH_SEARCH_PATHS = (
					"$(inherited)",
					"@executable_path/Frameworks",
				);
				MARKETING_VERSION = 1.0;
				PRODUCT_BUNDLE_IDENTIFIER = dokumaci.PersonCardReader;
				PRODUCT_NAME = "$(TARGET_NAME)";
				SWIFT_EMIT_LOC_STRINGS = YES;
				SWIFT_VERSION = 5.0;
				TARGETED_DEVICE_FAMILY = "1,2";
			};
			name = Debug;
		};
		3EEC12D92934A7100096769C /* Release */ = {
			isa = XCBuildConfiguration;
			buildSettings = {
				ASSETCATALOG_COMPILER_APPICON_NAME = AppIcon;
				ASSETCATALOG_COMPILER_GLOBAL_ACCENT_COLOR_NAME = AccentColor;
				CODE_SIGN_STYLE = Automatic;
				CURRENT_PROJECT_VERSION = 1;
				DEVELOPMENT_TEAM = NP34UV2MG9;
				GENERATE_INFOPLIST_FILE = YES;
				INFOPLIST_FILE = PersonCardReader/Info.plist;
				INFOPLIST_KEY_NSCameraUsageDescription = "Read QR";
				INFOPLIST_KEY_UIApplicationSupportsIndirectInputEvents = YES;
				INFOPLIST_KEY_UILaunchStoryboardName = LaunchScreen;
				INFOPLIST_KEY_UIMainStoryboardFile = Main;
				INFOPLIST_KEY_UISupportedInterfaceOrientations_iPad = "UIInterfaceOrientationPortrait UIInterfaceOrientationPortraitUpsideDown UIInterfaceOrientationLandscapeLeft UIInterfaceOrientationLandscapeRight";
				INFOPLIST_KEY_UISupportedInterfaceOrientations_iPhone = "UIInterfaceOrientationPortrait UIInterfaceOrientationLandscapeLeft UIInterfaceOrientationLandscapeRight";
				LD_RUNPATH_SEARCH_PATHS = (
					"$(inherited)",
					"@executable_path/Frameworks",
				);
				MARKETING_VERSION = 1.0;
				PRODUCT_BUNDLE_IDENTIFIER = dokumaci.PersonCardReader;
				PRODUCT_NAME = "$(TARGET_NAME)";
				SWIFT_EMIT_LOC_STRINGS = YES;
				SWIFT_VERSION = 5.0;
				TARGETED_DEVICE_FAMILY = "1,2";
			};
			name = Release;
		};
		3EEC12DB2934A7100096769C /* Debug */ = {
			isa = XCBuildConfiguration;
			buildSettings = {
				ALWAYS_EMBED_SWIFT_STANDARD_LIBRARIES = YES;
				BUNDLE_LOADER = "$(TEST_HOST)";
				CODE_SIGN_STYLE = Automatic;
				CURRENT_PROJECT_VERSION = 1;
				DEVELOPMENT_TEAM = NP34UV2MG9;
				GENERATE_INFOPLIST_FILE = YES;
				IPHONEOS_DEPLOYMENT_TARGET = 16.1;
				MARKETING_VERSION = 1.0;
				PRODUCT_BUNDLE_IDENTIFIER = dokumaci.PersonCardReaderTests;
				PRODUCT_NAME = "$(TARGET_NAME)";
				SWIFT_EMIT_LOC_STRINGS = NO;
				SWIFT_VERSION = 5.0;
				TARGETED_DEVICE_FAMILY = "1,2";
				TEST_HOST = "$(BUILT_PRODUCTS_DIR)/PersonCardReader.app/$(BUNDLE_EXECUTABLE_FOLDER_PATH)/PersonCardReader";
			};
			name = Debug;
		};
		3EEC12DC2934A7100096769C /* Release */ = {
			isa = XCBuildConfiguration;
			buildSettings = {
				ALWAYS_EMBED_SWIFT_STANDARD_LIBRARIES = YES;
				BUNDLE_LOADER = "$(TEST_HOST)";
				CODE_SIGN_STYLE = Automatic;
				CURRENT_PROJECT_VERSION = 1;
				DEVELOPMENT_TEAM = NP34UV2MG9;
				GENERATE_INFOPLIST_FILE = YES;
				IPHONEOS_DEPLOYMENT_TARGET = 16.1;
				MARKETING_VERSION = 1.0;
				PRODUCT_BUNDLE_IDENTIFIER = dokumaci.PersonCardReaderTests;
				PRODUCT_NAME = "$(TARGET_NAME)";
				SWIFT_EMIT_LOC_STRINGS = NO;
				SWIFT_VERSION = 5.0;
				TARGETED_DEVICE_FAMILY = "1,2";
				TEST_HOST = "$(BUILT_PRODUCTS_DIR)/PersonCardReader.app/$(BUNDLE_EXECUTABLE_FOLDER_PATH)/PersonCardReader";
			};
			name = Release;
		};
		3EEC12DE2934A7100096769C /* Debug */ = {
			isa = XCBuildConfiguration;
			buildSettings = {
				ALWAYS_EMBED_SWIFT_STANDARD_LIBRARIES = YES;
				CODE_SIGN_STYLE = Automatic;
				CURRENT_PROJECT_VERSION = 1;
				DEVELOPMENT_TEAM = NP34UV2MG9;
				GENERATE_INFOPLIST_FILE = YES;
				MARKETING_VERSION = 1.0;
				PRODUCT_BUNDLE_IDENTIFIER = dokumaci.PersonCardReaderUITests;
				PRODUCT_NAME = "$(TARGET_NAME)";
				SWIFT_EMIT_LOC_STRINGS = NO;
				SWIFT_VERSION = 5.0;
				TARGETED_DEVICE_FAMILY = "1,2";
				TEST_TARGET_NAME = PersonCardReader;
			};
			name = Debug;
		};
		3EEC12DF2934A7100096769C /* Release */ = {
			isa = XCBuildConfiguration;
			buildSettings = {
				ALWAYS_EMBED_SWIFT_STANDARD_LIBRARIES = YES;
				CODE_SIGN_STYLE = Automatic;
				CURRENT_PROJECT_VERSION = 1;
				DEVELOPMENT_TEAM = NP34UV2MG9;
				GENERATE_INFOPLIST_FILE = YES;
				MARKETING_VERSION = 1.0;
				PRODUCT_BUNDLE_IDENTIFIER = dokumaci.PersonCardReaderUITests;
				PRODUCT_NAME = "$(TARGET_NAME)";
				SWIFT_EMIT_LOC_STRINGS = NO;
				SWIFT_VERSION = 5.0;
				TARGETED_DEVICE_FAMILY = "1,2";
				TEST_TARGET_NAME = PersonCardReader;
			};
			name = Release;
		};
/* End XCBuildConfiguration section */

/* Begin XCConfigurationList section */
		3EEC12A82934A70E0096769C /* Build configuration list for PBXProject "PersonCardReader" */ = {
			isa = XCConfigurationList;
			buildConfigurations = (
				3EEC12D52934A7100096769C /* Debug */,
				3EEC12D62934A7100096769C /* Release */,
			);
			defaultConfigurationIsVisible = 0;
			defaultConfigurationName = Release;
		};
		3EEC12D72934A7100096769C /* Build configuration list for PBXNativeTarget "PersonCardReader" */ = {
			isa = XCConfigurationList;
			buildConfigurations = (
				3EEC12D82934A7100096769C /* Debug */,
				3EEC12D92934A7100096769C /* Release */,
			);
			defaultConfigurationIsVisible = 0;
			defaultConfigurationName = Release;
		};
		3EEC12DA2934A7100096769C /* Build configuration list for PBXNativeTarget "PersonCardReaderTests" */ = {
			isa = XCConfigurationList;
			buildConfigurations = (
				3EEC12DB2934A7100096769C /* Debug */,
				3EEC12DC2934A7100096769C /* Release */,
			);
			defaultConfigurationIsVisible = 0;
			defaultConfigurationName = Release;
		};
		3EEC12DD2934A7100096769C /* Build configuration list for PBXNativeTarget "PersonCardReaderUITests" */ = {
			isa = XCConfigurationList;
			buildConfigurations = (
				3EEC12DE2934A7100096769C /* Debug */,
				3EEC12DF2934A7100096769C /* Release */,
			);
			defaultConfigurationIsVisible = 0;
			defaultConfigurationName = Release;
		};
/* End XCConfigurationList section */
	};
	rootObject = 3EEC12A52934A70E0096769C /* Project object */;
}
